
Microsoft Visual Studio Solution File, Format Version 12.00
# Visual Studio Version 17
VisualStudioVersion = 17.0.31903.59
MinimumVisualStudioVersion = 10.0.40219.1
Project("{2150E333-8FDC-42A3-9474-1A3956D46DE8}") = "src", "src", "{827E0CD3-B72D-47B6-A68D-7590B98EB39B}"
EndProject
Project("{FAE04EC0-301F-11D3-BF4B-00C04F79EFBC}") = "SmartWarehouse.Domain", "src\SmartWarehouse.Domain\SmartWarehouse.Domain.csproj", "{7BE3CC1F-7A5D-4A20-B68A-28FE11F89CC7}"
EndProject
Project("{FAE04EC0-301F-11D3-BF4B-00C04F79EFBC}") = "SmartWarehouse.Application", "src\SmartWarehouse.Application\SmartWarehouse.Application.csproj", "{E24580B3-DDF8-4CB7-82B2-5880D4C29F1B}"
EndProject
Project("{FAE04EC0-301F-11D3-BF4B-00C04F79EFBC}") = "SmartWarehouse.Infrastructure", "src\SmartWarehouse.Infrastructure\SmartWarehouse.Infrastructure.csproj", "{E325167F-3456-4355-B1C7-DC06D5B2D31A}"
EndProject
Project("{FAE04EC0-301F-11D3-BF4B-00C04F79EFBC}") = "SmartWarehouse.API", "src\SmartWarehouse.API\SmartWarehouse.API.csproj", "{30255584-8FDD-4381-9842-E904E1037A01}"
EndProject
Global
	GlobalSection(SolutionConfigurationPlatforms) = preSolution
		Debug|Any CPU = Debug|Any CPU
		Debug|x64 = Debug|x64
		Debug|x86 = Debug|x86
		Release|Any CPU = Release|Any CPU
		Release|x64 = Release|x64
		Release|x86 = Release|x86
	EndGlobalSection
	GlobalSection(ProjectConfigurationPlatforms) = postSolution
		{7BE3CC1F-7A5D-4A20-B68A-28FE11F89CC7}.Debug|Any CPU.ActiveCfg = Debug|Any CPU
		{7BE3CC1F-7A5D-4A20-B68A-28FE11F89CC7}.Debug|Any CPU.Build.0 = Debug|Any CPU
		{7BE3CC1F-7A5D-4A20-B68A-28FE11F89CC7}.Debug|x64.ActiveCfg = Debug|Any CPU
		{7BE3CC1F-7A5D-4A20-B68A-28FE11F89CC7}.Debug|x64.Build.0 = Debug|Any CPU
		{7BE3CC1F-7A5D-4A20-B68A-28FE11F89CC7}.Debug|x86.ActiveCfg = Debug|Any CPU
		{7BE3CC1F-7A5D-4A20-B68A-28FE11F89CC7}.Debug|x86.Build.0 = Debug|Any CPU
		{7BE3CC1F-7A5D-4A20-B68A-28FE11F89CC7}.Release|Any CPU.ActiveCfg = Release|Any CPU
		{7BE3CC1F-7A5D-4A20-B68A-28FE11F89CC7}.Release|Any CPU.Build.0 = Release|Any CPU
		{7BE3CC1F-7A5D-4A20-B68A-28FE11F89CC7}.Release|x64.ActiveCfg = Release|Any CPU
		{7BE3CC1F-7A5D-4A20-B68A-28FE11F89CC7}.Release|x64.Build.0 = Release|Any CPU
		{7BE3CC1F-7A5D-4A20-B68A-28FE11F89CC7}.Release|x86.ActiveCfg = Release|Any CPU
		{7BE3CC1F-7A5D-4A20-B68A-28FE11F89CC7}.Release|x86.Build.0 = Release|Any CPU
		{E24580B3-DDF8-4CB7-82B2-5880D4C29F1B}.Debug|Any CPU.ActiveCfg = Debug|Any CPU
		{E24580B3-DDF8-4CB7-82B2-5880D4C29F1B}.Debug|Any CPU.Build.0 = Debug|Any CPU
		{E24580B3-DDF8-4CB7-82B2-5880D4C29F1B}.Debug|x64.ActiveCfg = Debug|Any CPU
		{E24580B3-DDF8-4CB7-82B2-5880D4C29F1B}.Debug|x64.Build.0 = Debug|Any CPU
		{E24580B3-DDF8-4CB7-82B2-5880D4C29F1B}.Debug|x86.ActiveCfg = Debug|Any CPU
		{E24580B3-DDF8-4CB7-82B2-5880D4C29F1B}.Debug|x86.Build.0 = Debug|Any CPU
		{E24580B3-DDF8-4CB7-82B2-5880D4C29F1B}.Release|Any CPU.ActiveCfg = Release|Any CPU
		{E24580B3-DDF8-4CB7-82B2-5880D4C29F1B}.Release|Any CPU.Build.0 = Release|Any CPU
		{E24580B3-DDF8-4CB7-82B2-5880D4C29F1B}.Release|x64.ActiveCfg = Release|Any CPU
		{E24580B3-DDF8-4CB7-82B2-5880D4C29F1B}.Release|x64.Build.0 = Release|Any CPU
		{E24580B3-DDF8-4CB7-82B2-5880D4C29F1B}.Release|x86.ActiveCfg = Release|Any CPU
		{E24580B3-DDF8-4CB7-82B2-5880D4C29F1B}.Release|x86.Build.0 = Release|Any CPU
		{E325167F-3456-4355-B1C7-DC06D5B2D31A}.Debug|Any CPU.ActiveCfg = Debug|Any CPU
		{E325167F-3456-4355-B1C7-DC06D5B2D31A}.Debug|Any CPU.Build.0 = Debug|Any CPU
		{E325167F-3456-4355-B1C7-DC06D5B2D31A}.Debug|x64.ActiveCfg = Debug|Any CPU
		{E325167F-3456-4355-B1C7-DC06D5B2D31A}.Debug|x64.Build.0 = Debug|Any CPU
		{E325167F-3456-4355-B1C7-DC06D5B2D31A}.Debug|x86.ActiveCfg = Debug|Any CPU
		{E325167F-3456-4355-B1C7-DC06D5B2D31A}.Debug|x86.Build.0 = Debug|Any CPU
		{E325167F-3456-4355-B1C7-DC06D5B2D31A}.Release|Any CPU.ActiveCfg = Release|Any CPU
		{E325167F-3456-4355-B1C7-DC06D5B2D31A}.Release|Any CPU.Build.0 = Release|Any CPU
		{E325167F-3456-4355-B1C7-DC06D5B2D31A}.Release|x64.ActiveCfg = Release|Any CPU
		{E325167F-3456-4355-B1C7-DC06D5B2D31A}.Release|x64.Build.0 = Release|Any CPU
		{E325167F-3456-4355-B1C7-DC06D5B2D31A}.Release|x86.ActiveCfg = Release|Any CPU
		{E325167F-3456-4355-B1C7-DC06D5B2D31A}.Release|x86.Build.0 = Release|Any CPU
		{30255584-8FDD-4381-9842-E904E1037A01}.Debug|Any CPU.ActiveCfg = Debug|Any CPU
		{30255584-8FDD-4381-9842-E904E1037A01}.Debug|Any CPU.Build.0 = Debug|Any CPU
		{30255584-8FDD-4381-9842-E904E1037A01}.Debug|x64.ActiveCfg = Debug|Any CPU
		{30255584-8FDD-4381-9842-E904E1037A01}.Debug|x64.Build.0 = Debug|Any CPU
		{30255584-8FDD-4381-9842-E904E1037A01}.Debug|x86.ActiveCfg = Debug|Any CPU
		{30255584-8FDD-4381-9842-E904E1037A01}.Debug|x86.Build.0 = Debug|Any CPU
		{30255584-8FDD-4381-9842-E904E1037A01}.Release|Any CPU.ActiveCfg = Release|Any CPU
		{30255584-8FDD-4381-9842-E904E1037A01}.Release|Any CPU.Build.0 = Release|Any CPU
		{30255584-8FDD-4381-9842-E904E1037A01}.Release|x64.ActiveCfg = Release|Any CPU
		{30255584-8FDD-4381-9842-E904E1037A01}.Release|x64.Build.0 = Release|Any CPU
		{30255584-8FDD-4381-9842-E904E1037A01}.Release|x86.ActiveCfg = Release|Any CPU
		{30255584-8FDD-4381-9842-E904E1037A01}.Release|x86.Build.0 = Release|Any CPU
	EndGlobalSection
	GlobalSection(SolutionProperties) = preSolution
		HideSolutionNode = FALSE
	EndGlobalSection
	GlobalSection(NestedProjects) = preSolution
		{7BE3CC1F-7A5D-4A20-B68A-28FE11F89CC7} = {827E0CD3-B72D-47B6-A68D-7590B98EB39B}
		{E24580B3-DDF8-4CB7-82B2-5880D4C29F1B} = {827E0CD3-B72D-47B6-A68D-7590B98EB39B}
		{E325167F-3456-4355-B1C7-DC06D5B2D31A} = {827E0CD3-B72D-47B6-A68D-7590B98EB39B}
		{30255584-8FDD-4381-9842-E904E1037A01} = {827E0CD3-B72D-47B6-A68D-7590B98EB39B}
	EndGlobalSection
EndGlobal
